
Microsoft Visual Studio Solution File, Format Version 12.00
Project("{FAE04EC0-301F-11D3-BF4B-00C04F79EFBC}") = "BugReporter.API", "BugReporter.API\BugReporter.API.csproj", "{D6A755BB-AF6B-4E75-8BA1-58DF1C29334A}"
EndProject
Global
	GlobalSection(SolutionConfigurationPlatforms) = preSolution
		Debug|Any CPU = Debug|Any CPU
		Release|Any CPU = Release|Any CPU
	EndGlobalSection
	GlobalSection(ProjectConfigurationPlatforms) = postSolution
		{D6A755BB-AF6B-4E75-8BA1-58DF1C29334A}.Debug|Any CPU.ActiveCfg = Debug|Any CPU
		{D6A755BB-AF6B-4E75-8BA1-58DF1C29334A}.Debug|Any CPU.Build.0 = Debug|Any CPU
		{D6A755BB-AF6B-4E75-8BA1-58DF1C29334A}.Release|Any CPU.ActiveCfg = Release|Any CPU
		{D6A755BB-AF6B-4E75-8BA1-58DF1C29334A}.Release|Any CPU.Build.0 = Release|Any CPU
	EndGlobalSection
EndGlobal
